lockfileVersion: '6.0'

settings:
  autoInstallPeers: true
  excludeLinksFromLockfile: false

dependencies:
  '@kipper/core':
    specifier: workspace:~
    version: link:../core
  '@swc/wasm-web':
    specifier: 1.6.6
    version: 1.6.6
  tslib:
    specifier: ~2.6.2
    version: 2.6.2

devDependencies:
  '@types/node':
    specifier: 20.14.9
    version: 20.14.9
  prettier:
    specifier: 2.8.8
    version: 2.8.8
  typescript:
    specifier: 5.1.3
    version: 5.1.3

packages:

  /@swc/wasm-web@1.6.6:
    resolution: {integrity: sha512-Gw9YqqAQtt6vm1Enpf4YtmxG1xke11fzFIhoLLYmyxTRZoMuFE3SVdCs1s4lK3RooTHsj8///xGgBthGHTHvbg==}
    dev: false

  /@types/node@20.14.9:
    resolution: {integrity: sha512-06OCtnTXtWOZBJlRApleWndH4JsRVs1pDCc8dLSQp+7PpUpX3ePdHyeNSFTeSe7FtKyQkrlPvHwJOW3SLd8Oyg==}
    dependencies:
      undici-types: 5.26.5
    dev: true

  /prettier@2.8.8:
    resolution: {integrity: sha512-tdN8qQGvNjw4CHbY+XXk0JgCXn9QiF21a55rBe5LJAU+kDyC4WQn4+awm2Xfk2lQMk5fKup9XgzTZtGkjBdP9Q==}
    engines: {node: '>=10.13.0'}
    dev: true

  /tslib@2.6.2:
    resolution: {integrity: sha512-AEYxH93jGFPn/a2iVAwW87VuUIkR1FVUKB77NwMF7nBTDkDrrT/Hpt/IrCJ0QXhW27jTBDcf5ZY7w6RiqTMw2Q==}
    dev: false

  /typescript@5.1.3:
    resolution: {integrity: sha512-XH627E9vkeqhlZFQuL+UsyAXEnibT0kWR2FWONlr4sTjvxyJYnyefgrkyECLzM5NenmKzRAy2rR/OlYLA1HkZw==}
    engines: {node: '>=14.17'}
    dev: true

  /undici-types@5.26.5:
    resolution: {integrity: sha512-JlCMO+ehdEIKqlFxk6IfVoAUVmgz7cU7zD/h9XZ0qzeosSHmUJVOzSQvvYSYWXkFXC+IfLKSIffhv0sVZup6pA==}
    dev: true
